
Microsoft Visual Studio Solution File, Format Version 12.00
# Visual Studio Version 17
VisualStudioVersion = 17.5.33424.131
MinimumVisualStudioVersion = 10.0.40219.1
Project("{FAE04EC0-301F-11D3-BF4B-00C04F79EFBC}") = "Project_Euler_2", "Project_Euler_2.csproj", "{DD1B483B-DBB5-4117-8BD2-45911C823D69}"
EndProject
Global
	GlobalSection(SolutionConfigurationPlatforms) = preSolution
		Debug|Any CPU = Debug|Any CPU
		Release|Any CPU = Release|Any CPU
	EndGlobalSection
	GlobalSection(ProjectConfigurationPlatforms) = postSolution
		{DD1B483B-DBB5-4117-8BD2-45911C823D69}.Debug|Any CPU.ActiveCfg = Debug|Any CPU
		{DD1B483B-DBB5-4117-8BD2-45911C823D69}.Debug|Any CPU.Build.0 = Debug|Any CPU
		{DD1B483B-DBB5-4117-8BD2-45911C823D69}.Release|Any CPU.ActiveCfg = Release|Any CPU
		{DD1B483B-DBB5-4117-8BD2-45911C823D69}.Release|Any CPU.Build.0 = Release|Any CPU
	EndGlobalSection
	GlobalSection(SolutionProperties) = preSolution
		HideSolutionNode = FALSE
	EndGlobalSection
	GlobalSection(ExtensibilityGlobals) = postSolution
		SolutionGuid = {D2DFDE04-1D7E-4527-8743-F2FA2594C6F3}
	EndGlobalSection
EndGlobal
